
Microsoft Visual Studio Solution File, Format Version 12.00
Project("{FAE04EC0-301F-11D3-BF4B-00C04F79EFBC}") = "Shavkat grabber", "Shavkat grabber.csproj", "{BB9BADC9-7509-4E27-90EB-BAEA65AACD23}"
EndProject
Project("{FAE04EC0-301F-11D3-BF4B-00C04F79EFBC}") = "YDs DLL BASE", "..\YDs libs\YDs DLL BASE\YDs DLL BASE.csproj", "{14D4FB72-B3FA-4B74-AD00-7E173496C411}"
EndProject
Global
	GlobalSection(SolutionConfigurationPlatforms) = preSolution
		Debug|Any CPU = Debug|Any CPU
		Release|Any CPU = Release|Any CPU
	EndGlobalSection
	GlobalSection(ProjectConfigurationPlatforms) = postSolution
		{BB9BADC9-7509-4E27-90EB-BAEA65AACD23}.Debug|Any CPU.ActiveCfg = Debug|Any CPU
		{BB9BADC9-7509-4E27-90EB-BAEA65AACD23}.Debug|Any CPU.Build.0 = Debug|Any CPU
		{BB9BADC9-7509-4E27-90EB-BAEA65AACD23}.Release|Any CPU.ActiveCfg = Release|Any CPU
		{BB9BADC9-7509-4E27-90EB-BAEA65AACD23}.Release|Any CPU.Build.0 = Release|Any CPU
		{14D4FB72-B3FA-4B74-AD00-7E173496C411}.Debug|Any CPU.ActiveCfg = Debug|Any CPU
		{14D4FB72-B3FA-4B74-AD00-7E173496C411}.Debug|Any CPU.Build.0 = Debug|Any CPU
		{14D4FB72-B3FA-4B74-AD00-7E173496C411}.Release|Any CPU.ActiveCfg = Release|Any CPU
		{14D4FB72-B3FA-4B74-AD00-7E173496C411}.Release|Any CPU.Build.0 = Release|Any CPU
	EndGlobalSection
EndGlobal
